
Microsoft Visual Studio Solution File, Format Version 12.00
# Visual Studio 15
Project("{FAE04EC0-301F-11D3-BF4B-00C04F79EFBC}") = "Assembly-CSharp", "Assembly-CSharp.csproj", "{2194B3D9-D5EB-6029-CE25-13F03424E8DE}"
EndProject
Project("{FAE04EC0-301F-11D3-BF4B-00C04F79EFBC}") = "Assembly-CSharp-Editor", "Assembly-CSharp-Editor.csproj", "{D2F3F50D-3719-465D-64B2-39899902DF88}"
EndProject
Global
	GlobalSection(SolutionConfigurationPlatforms) = preSolution
		Debug|Any CPU = Debug|Any CPU
		Release|Any CPU = Release|Any CPU
	EndGlobalSection
	GlobalSection(ProjectConfigurationPlatforms) = postSolution
		{2194B3D9-D5EB-6029-CE25-13F03424E8DE}.Debug|Any CPU.ActiveCfg = Debug|Any CPU
		{2194B3D9-D5EB-6029-CE25-13F03424E8DE}.Debug|Any CPU.Build.0 = Debug|Any CPU
		{2194B3D9-D5EB-6029-CE25-13F03424E8DE}.Release|Any CPU.ActiveCfg = Release|Any CPU
		{2194B3D9-D5EB-6029-CE25-13F03424E8DE}.Release|Any CPU.Build.0 = Release|Any CPU
		{D2F3F50D-3719-465D-64B2-39899902DF88}.Debug|Any CPU.ActiveCfg = Debug|Any CPU
		{D2F3F50D-3719-465D-64B2-39899902DF88}.Debug|Any CPU.Build.0 = Debug|Any CPU
		{D2F3F50D-3719-465D-64B2-39899902DF88}.Release|Any CPU.ActiveCfg = Release|Any CPU
		{D2F3F50D-3719-465D-64B2-39899902DF88}.Release|Any CPU.Build.0 = Release|Any CPU
	EndGlobalSection
	GlobalSection(SolutionProperties) = preSolution
		HideSolutionNode = FALSE
	EndGlobalSection
EndGlobal
