
Microsoft Visual Studio Solution File, Format Version 12.00
# Visual Studio 15
Project("{FAE04EC0-301F-11D3-BF4B-00C04F79EFBC}") = "Assembly-CSharp", "Assembly-CSharp.csproj", "{3E0365F0-B6A9-9668-D8F4-A0871DD33939}"
EndProject
Project("{FAE04EC0-301F-11D3-BF4B-00C04F79EFBC}") = "Assembly-CSharp-Editor", "Assembly-CSharp-Editor.csproj", "{CD295D8E-F4C6-C118-7C93-62DC4A3C502A}"
EndProject
Global
	GlobalSection(SolutionConfigurationPlatforms) = preSolution
		Debug|Any CPU = Debug|Any CPU
		Release|Any CPU = Release|Any CPU
	EndGlobalSection
	GlobalSection(ProjectConfigurationPlatforms) = postSolution
		{3E0365F0-B6A9-9668-D8F4-A0871DD33939}.Debug|Any CPU.ActiveCfg = Debug|Any CPU
		{3E0365F0-B6A9-9668-D8F4-A0871DD33939}.Debug|Any CPU.Build.0 = Debug|Any CPU
		{3E0365F0-B6A9-9668-D8F4-A0871DD33939}.Release|Any CPU.ActiveCfg = Release|Any CPU
		{3E0365F0-B6A9-9668-D8F4-A0871DD33939}.Release|Any CPU.Build.0 = Release|Any CPU
		{CD295D8E-F4C6-C118-7C93-62DC4A3C502A}.Debug|Any CPU.ActiveCfg = Debug|Any CPU
		{CD295D8E-F4C6-C118-7C93-62DC4A3C502A}.Debug|Any CPU.Build.0 = Debug|Any CPU
		{CD295D8E-F4C6-C118-7C93-62DC4A3C502A}.Release|Any CPU.ActiveCfg = Release|Any CPU
		{CD295D8E-F4C6-C118-7C93-62DC4A3C502A}.Release|Any CPU.Build.0 = Release|Any CPU
	EndGlobalSection
	GlobalSection(SolutionProperties) = preSolution
		HideSolutionNode = FALSE
	EndGlobalSection
EndGlobal
